
Microsoft Visual Studio Solution File, Format Version 12.00
# Visual Studio Version 16
VisualStudioVersion = 16.0.33027.164
MinimumVisualStudioVersion = 10.0.40219.1
Project("{FAE04EC0-301F-11D3-BF4B-00C04F79EFBC}") = "BusinessTripWebServerExtension", "BusinessTripWebServerExtension.csproj", "{295EAA07-EE1F-4E78-A453-556F6FC5368B}"
EndProject
Global
	GlobalSection(SolutionConfigurationPlatforms) = preSolution
		Debug|Any CPU = Debug|Any CPU
		Release|Any CPU = Release|Any CPU
	EndGlobalSection
	GlobalSection(ProjectConfigurationPlatforms) = postSolution
		{295EAA07-EE1F-4E78-A453-556F6FC5368B}.Debug|Any CPU.ActiveCfg = Debug|Any CPU
		{295EAA07-EE1F-4E78-A453-556F6FC5368B}.Debug|Any CPU.Build.0 = Debug|Any CPU
		{295EAA07-EE1F-4E78-A453-556F6FC5368B}.Release|Any CPU.ActiveCfg = Release|Any CPU
		{295EAA07-EE1F-4E78-A453-556F6FC5368B}.Release|Any CPU.Build.0 = Release|Any CPU
	EndGlobalSection
	GlobalSection(SolutionProperties) = preSolution
		HideSolutionNode = FALSE
	EndGlobalSection
	GlobalSection(ExtensibilityGlobals) = postSolution
		SolutionGuid = {F4653167-5DBE-42D4-B8C6-47730605717A}
	EndGlobalSection
EndGlobal
